
Microsoft Visual Studio Solution File, Format Version 12.00
# Visual Studio 2012
Project("{8BC9CEB8-8B4A-11D0-8D11-00A0C91BC942}") = "CS580HW5", "CS580HW5.vcxproj", "{0B5108C4-1F0E-45AC-BB59-FE50F9F73543}"
EndProject
Global
	GlobalSection(SolutionConfigurationPlatforms) = preSolution
		Debug|Win32 = Debug|Win32
		Release|Win32 = Release|Win32
	EndGlobalSection
	GlobalSection(ProjectConfigurationPlatforms) = postSolution
		{0B5108C4-1F0E-45AC-BB59-FE50F9F73543}.Debug|Win32.ActiveCfg = Debug|Win32
		{0B5108C4-1F0E-45AC-BB59-FE50F9F73543}.Debug|Win32.Build.0 = Debug|Win32
		{0B5108C4-1F0E-45AC-BB59-FE50F9F73543}.Release|Win32.ActiveCfg = Release|Win32
		{0B5108C4-1F0E-45AC-BB59-FE50F9F73543}.Release|Win32.Build.0 = Release|Win32
	EndGlobalSection
	GlobalSection(SolutionProperties) = preSolution
		HideSolutionNode = FALSE
	EndGlobalSection
EndGlobal
